{
  "version": "4",
  "specifiers": {
    "jsr:@hono/hono@^4.6.4": "4.6.4",
    "jsr:@std/assert@1": "1.0.6",
    "jsr:@std/internal@^1.0.4": "1.0.4",
    "npm:zod@^3.23.8": "3.23.8"
  },
  "jsr": {
    "@hono/hono@4.6.4": {
      "integrity": "9bbd937653ab902405af33743561140f8883d27dc730eb9ceac665e2468c8bf6"
    },
    "@std/assert@1.0.6": {
      "integrity": "1904c05806a25d94fe791d6d883b685c9e2dcd60e4f9fc30f4fc5cf010c72207",
      "dependencies": [
        "jsr:@std/internal"
      ]
    },
    "@std/internal@1.0.4": {
      "integrity": "62e8e4911527e5e4f307741a795c0b0a9e6958d0b3790716ae71ce085f755422"
    }
  },
  "npm": {
    "zod@3.23.8": {
      "integrity": "sha512-XBx9AXhXktjUqnepgTiE5flcKIYWi/rme0Eaj+5Y0lftuGBq+jyRu/md4WnuxqgP1ubdpNCsYEYPxrzVHD8d6g=="
    }
  },
  "workspace": {
    "dependencies": [
      "jsr:@hono/hono@^4.6.4",
      "jsr:@std/assert@1",
      "npm:zod@^3.23.8"
    ]
  }
}
